
Microsoft Visual Studio Solution File, Format Version 12.00
# Visual Studio Version 17
VisualStudioVersion = 17.7.34009.444
MinimumVisualStudioVersion = 10.0.40219.1
Project("{F184B08F-C81C-45F6-A57F-5ABD9991F28F}") = "Parcial2_Programacion", "Parcial2_Programacion.vbproj", "{D1E5AD1F-2590-46CF-B347-EC0A8C71F86E}"
EndProject
Global
	GlobalSection(SolutionConfigurationPlatforms) = preSolution
		Debug|Any CPU = Debug|Any CPU
		Release|Any CPU = Release|Any CPU
	EndGlobalSection
	GlobalSection(ProjectConfigurationPlatforms) = postSolution
		{D1E5AD1F-2590-46CF-B347-EC0A8C71F86E}.Debug|Any CPU.ActiveCfg = Debug|Any CPU
		{D1E5AD1F-2590-46CF-B347-EC0A8C71F86E}.Debug|Any CPU.Build.0 = Debug|Any CPU
		{D1E5AD1F-2590-46CF-B347-EC0A8C71F86E}.Release|Any CPU.ActiveCfg = Release|Any CPU
		{D1E5AD1F-2590-46CF-B347-EC0A8C71F86E}.Release|Any CPU.Build.0 = Release|Any CPU
	EndGlobalSection
	GlobalSection(SolutionProperties) = preSolution
		HideSolutionNode = FALSE
	EndGlobalSection
	GlobalSection(ExtensibilityGlobals) = postSolution
		SolutionGuid = {FC4669F5-691B-40AC-8AFD-EDA4747F7FFB}
	EndGlobalSection
EndGlobal
